<?xml version="1.0" encoding="utf-8"?>
<Project ToolsVersion="4.0" xmlns="http://schemas.microsoft.com/developer/msbuild/2003">
  <ItemGroup>
    <Filter Include="Header Files">
      <UniqueIdentifier>{93995380-89BD-4b04-88EB-625FBE52EBFB}</UniqueIdentifier>
      <Extensions>h;hh;hpp;hxx;hm;inl;inc;xsd</Extensions>
    </Filter>
    <Filter Include="Tests">
      <UniqueIdentifier>{b4b8bcd4-e854-4741-a5bc-4c47dde9cfc6}</UniqueIdentifier>
    </Filter>
    <Filter Include="Core">
      <UniqueIdentifier>{082c219c-3524-4d0c-82a7-f46f7f095b3e}</UniqueIdentifier>
    </Filter>
  </ItemGroup>
  <ItemGroup>
    <None Include="Mx_Display_Lib.ino" />
  </ItemGroup>
  <ItemGroup>
    <ClInclude Include="__vm\.Mx_Display_Lib.vsarduino.h">
      <Filter>Header Files</Filter>
    </ClInclude>
    <ClInclude Include="Tests\PinTest.h">
      <Filter>Tests</Filter>
    </ClInclude>
    <ClInclude Include="Core\DelayDirect.h">
      <Filter>Core</Filter>
    </ClInclude>
    <ClInclude Include="Mx_Basics.h" />
    <ClInclude Include="Core\PinDirect.h">
      <Filter>Core</Filter>
    </ClInclude>
    <ClInclude Include="Mx_Display_Serial.h" />
    <ClInclude Include="Tests\DisplayTestSerial1.h">
      <Filter>Tests</Filter>
    </ClInclude>
    <ClInclude Include="Mx_Display_Serial_Ada.h" />
    <ClInclude Include="Tests\DisplayTestSerial2.h">
      <Filter>Tests</Filter>
    </ClInclude>
  </ItemGroup>
</Project>