<?xml version="1.0" encoding="utf-8"?>
<Project ToolsVersion="4.0" xmlns="http://schemas.microsoft.com/developer/msbuild/2003">
  <ItemGroup>
    <Filter Include="Source Files">
      <UniqueIdentifier>{4FC737F1-C7A5-4376-A066-2A32D752A2FF}</UniqueIdentifier>
      <Extensions>cpp;c;cc;cxx;def;odl;idl;hpj;bat;asm;asmx</Extensions>
    </Filter>
    <Filter Include="Header Files">
      <UniqueIdentifier>{93995380-89BD-4b04-88EB-625FBE52EBFB}</UniqueIdentifier>
      <Extensions>h;hh;hpp;hxx;hm;inl;inc;xsd</Extensions>
    </Filter>
    <Filter Include="Misc Files">
      <UniqueIdentifier>{67DA6AB6-F800-4c08-8B7A-83BB121AAD01}</UniqueIdentifier>
      <Extensions>xml;json;txt;rc;ico;cur;bmp;dlg;rc2;rct;bin;rgs;gif;jpg;jpeg;jpe;resx;tiff;tif;png;wav;mfcribbon-ms</Extensions>
    </Filter>
    <Filter Include="Source Files\core">
      <UniqueIdentifier>{2a5fbcf1-ba52-4188-a322-d2d0b03c8caa}</UniqueIdentifier>
    </Filter>
  </ItemGroup>
  <ItemGroup>
    <None Include="DisplayTest_ILI9341.ino" />
  </ItemGroup>
  <ItemGroup>
    <ClInclude Include="__vm\.DisplayTest_ILI9341.vsarduino.h">
      <Filter>Header Files</Filter>
    </ClInclude>
    <ClInclude Include="Mx_Display_AdafruitWrapper.h">
      <Filter>Source Files</Filter>
    </ClInclude>
    <ClInclude Include="Mx_Display_Console.h">
      <Filter>Source Files</Filter>
    </ClInclude>
    <ClInclude Include="Mx_Display_ILI9341.h">
      <Filter>Source Files</Filter>
    </ClInclude>
    <ClInclude Include="Mx_Display_Scrollable.h">
      <Filter>Source Files</Filter>
    </ClInclude>
    <ClInclude Include="core\Mx_Basics.h">
      <Filter>Source Files\core</Filter>
    </ClInclude>
    <ClInclude Include="core\Mx_Display_Console_Core.h">
      <Filter>Source Files\core</Filter>
    </ClInclude>
    <ClInclude Include="core\Mx_Display_ILI9341_Consts.h">
      <Filter>Source Files\core</Filter>
    </ClInclude>
    <ClInclude Include="core\Mx_Display_ILI9341_Core.h">
      <Filter>Source Files\core</Filter>
    </ClInclude>
  </ItemGroup>
  <ItemGroup>
    <ClCompile Include="Mx_Display_ILI9341.cpp">
      <Filter>Source Files</Filter>
    </ClCompile>
    <ClCompile Include="core\Mx_Basics.cpp">
      <Filter>Source Files\core</Filter>
    </ClCompile>
  </ItemGroup>
</Project>